
Microsoft Visual Studio Solution File, Format Version 12.00
# Visual Studio Version 17
VisualStudioVersion = 17.5.33424.131
MinimumVisualStudioVersion = 10.0.40219.1
Project("{FAE04EC0-301F-11D3-BF4B-00C04F79EFBC}") = "sortirane.na.proizvolna.kolona", "sortirane.na.proizvolna.kolona\sortirane.na.proizvolna.kolona.csproj", "{D0DDB4C2-3560-4746-82B9-4F8CABE5096A}"
EndProject
Global
	GlobalSection(SolutionConfigurationPlatforms) = preSolution
		Debug|Any CPU = Debug|Any CPU
		Release|Any CPU = Release|Any CPU
	EndGlobalSection
	GlobalSection(ProjectConfigurationPlatforms) = postSolution
		{D0DDB4C2-3560-4746-82B9-4F8CABE5096A}.Debug|Any CPU.ActiveCfg = Debug|Any CPU
		{D0DDB4C2-3560-4746-82B9-4F8CABE5096A}.Debug|Any CPU.Build.0 = Debug|Any CPU
		{D0DDB4C2-3560-4746-82B9-4F8CABE5096A}.Release|Any CPU.ActiveCfg = Release|Any CPU
		{D0DDB4C2-3560-4746-82B9-4F8CABE5096A}.Release|Any CPU.Build.0 = Release|Any CPU
	EndGlobalSection
	GlobalSection(SolutionProperties) = preSolution
		HideSolutionNode = FALSE
	EndGlobalSection
	GlobalSection(ExtensibilityGlobals) = postSolution
		SolutionGuid = {6BEAFD57-29E3-4B1D-8541-D8CEB8406411}
	EndGlobalSection
EndGlobal
